<?xml version="1.0" encoding="utf-8"?>
<Project ToolsVersion="4.0" xmlns="http://schemas.microsoft.com/developer/msbuild/2003">
  <ItemGroup>
    <Filter Include="Source Files">
      <UniqueIdentifier>{4FC737F1-C7A5-4376-A066-2A32D752A2FF}</UniqueIdentifier>
      <Extensions>cpp;c;cc;cxx;c++;cppm;ixx;def;odl;idl;hpj;bat;asm;asmx</Extensions>
    </Filter>
    <Filter Include="Header Files">
      <UniqueIdentifier>{93995380-89BD-4b04-88EB-625FBE52EBFB}</UniqueIdentifier>
      <Extensions>h;hh;hpp;hxx;h++;hm;inl;inc;ipp;xsd</Extensions>
    </Filter>
    <Filter Include="Resource Files">
      <UniqueIdentifier>{67DA6AB6-F800-4c08-8B7A-83BB121AAD01}</UniqueIdentifier>
      <Extensions>rc;ico;cur;bmp;dlg;rc2;rct;bin;rgs;gif;jpg;jpeg;jpe;resx;tiff;tif;png;wav;mfcribbon-ms</Extensions>
    </Filter>
    <Filter Include="Source Files\Renderer">
      <UniqueIdentifier>{c984c3f4-7c35-406a-b656-0977e3a883b9}</UniqueIdentifier>
    </Filter>
    <Filter Include="Header Files\Renderer">
      <UniqueIdentifier>{e883c289-81b2-478f-8f83-08ca284fe395}</UniqueIdentifier>
    </Filter>
    <Filter Include="Header Files\Renderer\PhysicalDevice">
      <UniqueIdentifier>{d28115b4-81a4-4fe1-9667-b77673db688a}</UniqueIdentifier>
    </Filter>
    <Filter Include="Source Files\Renderer\PhysicalDevice">
      <UniqueIdentifier>{b7d1c41b-de87-4136-9e22-082ed02bdb62}</UniqueIdentifier>
    </Filter>
    <Filter Include="Source Files\Renderer\RenderPass">
      <UniqueIdentifier>{2440e9f6-bbc0-457e-ad62-5c50b3c652b3}</UniqueIdentifier>
    </Filter>
    <Filter Include="Header Files\Renderer\RenderPass">
      <UniqueIdentifier>{f216d10f-4aad-4e9c-aaf8-e696d2a9c7a4}</UniqueIdentifier>
    </Filter>
    <Filter Include="Header Files\Renderer\SwapChain">
      <UniqueIdentifier>{5445da9a-81ea-4900-8832-73a3b350717a}</UniqueIdentifier>
    </Filter>
    <Filter Include="Source Files\Renderer\SwapChain">
      <UniqueIdentifier>{ad46a887-0a92-49f0-a1da-97e510f613e4}</UniqueIdentifier>
    </Filter>
    <Filter Include="Header Files\Renderer\Pipeline">
      <UniqueIdentifier>{48cace14-7025-4320-b3fd-0d2f24babead}</UniqueIdentifier>
    </Filter>
    <Filter Include="Source Files\Renderer\Pipeline">
      <UniqueIdentifier>{316b4383-e021-4e21-aad9-fdc38c585adb}</UniqueIdentifier>
    </Filter>
    <Filter Include="Header Files\Renderer\Pipeline\Graphics">
      <UniqueIdentifier>{59c02db9-f8d4-48ae-9867-0d5407fd4db8}</UniqueIdentifier>
    </Filter>
    <Filter Include="Source Files\Renderer\Pipeline\Graphics">
      <UniqueIdentifier>{ea7beec1-ff49-4b57-8081-dd4223e19de8}</UniqueIdentifier>
    </Filter>
    <Filter Include="Header Files\Renderer\VertexData">
      <UniqueIdentifier>{da9b712f-98e4-47ce-9c6b-28a293a9fd9f}</UniqueIdentifier>
    </Filter>
    <Filter Include="Source Files\Renderer\VertexData">
      <UniqueIdentifier>{9f0b190c-694b-4cb8-a9f3-4acac46edb97}</UniqueIdentifier>
    </Filter>
    <Filter Include="Source Files\Renderer\Pipeline\Graphics\PostProcess">
      <UniqueIdentifier>{0379559f-5863-4e97-adcc-8ca62b62ed39}</UniqueIdentifier>
    </Filter>
    <Filter Include="Header Files\Renderer\Pipeline\Graphics\PostProcess">
      <UniqueIdentifier>{09c4435a-09ac-406b-9187-f85c822211db}</UniqueIdentifier>
    </Filter>
    <Filter Include="Header Files\Renderer\Buffer">
      <UniqueIdentifier>{7021e9a3-ac2b-4df7-9f08-e18e7bbee05e}</UniqueIdentifier>
    </Filter>
    <Filter Include="Source Files\Renderer\Buffer">
      <UniqueIdentifier>{e33702e8-06b6-4e6d-869e-a8842438f64c}</UniqueIdentifier>
    </Filter>
    <Filter Include="Header Files\Renderer\Buffer\Uniform">
      <UniqueIdentifier>{25cbf658-94d9-42ad-a4e4-2c524cd52e11}</UniqueIdentifier>
    </Filter>
    <Filter Include="Source Files\Renderer\Buffer\Uniform">
      <UniqueIdentifier>{dc989cbe-aa4b-47c4-9d1a-8d7c8f21af85}</UniqueIdentifier>
    </Filter>
  </ItemGroup>
  <ItemGroup>
    <ClCompile Include="Main.cpp">
      <Filter>Source Files</Filter>
    </ClCompile>
    <ClCompile Include="WindowManager.cpp">
      <Filter>Source Files</Filter>
    </ClCompile>
    <ClCompile Include="Renderer.cpp">
      <Filter>Source Files\Renderer</Filter>
    </ClCompile>
    <ClCompile Include="Instance.cpp">
      <Filter>Source Files\Renderer</Filter>
    </ClCompile>
    <ClCompile Include="ValidationLayer.cpp">
      <Filter>Source Files</Filter>
    </ClCompile>
    <ClCompile Include="LogicalDevice.cpp">
      <Filter>Source Files\Renderer</Filter>
    </ClCompile>
    <ClCompile Include="CommandPool.cpp">
      <Filter>Source Files\Renderer</Filter>
    </ClCompile>
    <ClCompile Include="Framebuffer.cpp">
      <Filter>Source Files\Renderer</Filter>
    </ClCompile>
    <ClCompile Include="PhysicalDevice.cpp">
      <Filter>Source Files\Renderer\PhysicalDevice</Filter>
    </ClCompile>
    <ClCompile Include="QueueFamilyIndices.cpp">
      <Filter>Source Files\Renderer\PhysicalDevice</Filter>
    </ClCompile>
    <ClCompile Include="RenderPass.cpp">
      <Filter>Source Files\Renderer\RenderPass</Filter>
    </ClCompile>
    <ClCompile Include="RenderPassPresentation.cpp">
      <Filter>Source Files\Renderer\RenderPass</Filter>
    </ClCompile>
    <ClCompile Include="CommandBuffer.cpp">
      <Filter>Source Files\Renderer</Filter>
    </ClCompile>
    <ClCompile Include="ImageView.cpp">
      <Filter>Source Files\Renderer</Filter>
    </ClCompile>
    <ClCompile Include="Image.cpp">
      <Filter>Source Files\Renderer</Filter>
    </ClCompile>
    <ClCompile Include="MemoryUtilities.cpp">
      <Filter>Source Files</Filter>
    </ClCompile>
    <ClCompile Include="SwapChain.cpp">
      <Filter>Source Files\Renderer\SwapChain</Filter>
    </ClCompile>
    <ClCompile Include="Frame.cpp">
      <Filter>Source Files\Renderer\SwapChain</Filter>
    </ClCompile>
    <ClCompile Include="Pipeline.cpp">
      <Filter>Source Files\Renderer\Pipeline</Filter>
    </ClCompile>
    <ClCompile Include="ShaderStages.cpp">
      <Filter>Source Files\Renderer\Pipeline</Filter>
    </ClCompile>
    <ClCompile Include="ShaderSPIRV.cpp">
      <Filter>Source Files\Renderer\Pipeline</Filter>
    </ClCompile>
    <ClCompile Include="GraphicsPipeline.cpp">
      <Filter>Source Files\Renderer\Pipeline\Graphics</Filter>
    </ClCompile>
    <ClCompile Include="QuadVertexData.cpp">
      <Filter>Source Files\Renderer\VertexData</Filter>
    </ClCompile>
    <ClCompile Include="ShaderStagesGraphics.cpp">
      <Filter>Source Files\Renderer\Pipeline\Graphics</Filter>
    </ClCompile>
    <ClCompile Include="GraphicsPipelinePostProcess.cpp">
      <Filter>Source Files\Renderer\Pipeline\Graphics\PostProcess</Filter>
    </ClCompile>
    <ClCompile Include="ShaderStagesPostProcess.cpp">
      <Filter>Source Files\Renderer\Pipeline\Graphics\PostProcess</Filter>
    </ClCompile>
    <ClCompile Include="DescriptorSet.cpp">
      <Filter>Source Files\Renderer\Pipeline</Filter>
    </ClCompile>
    <ClCompile Include="DescriptorSetPostProcess.cpp">
      <Filter>Source Files\Renderer\Pipeline\Graphics\PostProcess</Filter>
    </ClCompile>
    <ClCompile Include="Texture.cpp">
      <Filter>Source Files\Renderer</Filter>
    </ClCompile>
    <ClCompile Include="Sampler.cpp">
      <Filter>Source Files\Renderer</Filter>
    </ClCompile>
    <ClCompile Include="BufferObject.cpp">
      <Filter>Source Files\Renderer\Buffer</Filter>
    </ClCompile>
    <ClCompile Include="UniformBufferObject.cpp">
      <Filter>Source Files\Renderer\Buffer\Uniform</Filter>
    </ClCompile>
    <ClCompile Include="UniformBufferProjection.cpp">
      <Filter>Source Files\Renderer\Buffer\Uniform</Filter>
    </ClCompile>
  </ItemGroup>
  <ItemGroup>
    <ClInclude Include="WindowManager.h">
      <Filter>Header Files</Filter>
    </ClInclude>
    <ClInclude Include="Renderer.h">
      <Filter>Header Files\Renderer</Filter>
    </ClInclude>
    <ClInclude Include="Instance.h">
      <Filter>Header Files\Renderer</Filter>
    </ClInclude>
    <ClInclude Include="ValidationLayer.h">
      <Filter>Header Files</Filter>
    </ClInclude>
    <ClInclude Include="LogicalDevice.h">
      <Filter>Header Files\Renderer</Filter>
    </ClInclude>
    <ClInclude Include="CommandPool.h">
      <Filter>Header Files\Renderer</Filter>
    </ClInclude>
    <ClInclude Include="Framebuffer.h">
      <Filter>Header Files\Renderer</Filter>
    </ClInclude>
    <ClInclude Include="PhysicalDevice.h">
      <Filter>Header Files\Renderer\PhysicalDevice</Filter>
    </ClInclude>
    <ClInclude Include="QueueFamilyIndices.h">
      <Filter>Header Files\Renderer\PhysicalDevice</Filter>
    </ClInclude>
    <ClInclude Include="RenderPass.h">
      <Filter>Header Files\Renderer\RenderPass</Filter>
    </ClInclude>
    <ClInclude Include="RenderPassPresentation.h">
      <Filter>Header Files\Renderer\RenderPass</Filter>
    </ClInclude>
    <ClInclude Include="CommandBuffer.h">
      <Filter>Header Files\Renderer</Filter>
    </ClInclude>
    <ClInclude Include="ImageView.h">
      <Filter>Header Files\Renderer</Filter>
    </ClInclude>
    <ClInclude Include="Image.h">
      <Filter>Header Files\Renderer</Filter>
    </ClInclude>
    <ClInclude Include="MemoryUtilities.h">
      <Filter>Header Files</Filter>
    </ClInclude>
    <ClInclude Include="SwapChain.h">
      <Filter>Header Files\Renderer\SwapChain</Filter>
    </ClInclude>
    <ClInclude Include="Frame.h">
      <Filter>Header Files\Renderer\SwapChain</Filter>
    </ClInclude>
    <ClInclude Include="Pipeline.h">
      <Filter>Header Files\Renderer\Pipeline</Filter>
    </ClInclude>
    <ClInclude Include="ShaderStages.h">
      <Filter>Header Files\Renderer\Pipeline</Filter>
    </ClInclude>
    <ClInclude Include="ShaderSPIRV.h">
      <Filter>Header Files\Renderer\Pipeline</Filter>
    </ClInclude>
    <ClInclude Include="GraphicsPipeline.h">
      <Filter>Header Files\Renderer\Pipeline\Graphics</Filter>
    </ClInclude>
    <ClInclude Include="QuadVertexData.h">
      <Filter>Header Files\Renderer\VertexData</Filter>
    </ClInclude>
    <ClInclude Include="ShaderStagesGraphics.h">
      <Filter>Header Files\Renderer\Pipeline\Graphics</Filter>
    </ClInclude>
    <ClInclude Include="GraphicsPipelinePostProcess.h">
      <Filter>Header Files\Renderer\Pipeline\Graphics\PostProcess</Filter>
    </ClInclude>
    <ClInclude Include="ShaderStagesPostProcess.h">
      <Filter>Header Files\Renderer\Pipeline\Graphics\PostProcess</Filter>
    </ClInclude>
    <ClInclude Include="DescriptorSet.h">
      <Filter>Header Files\Renderer\Pipeline</Filter>
    </ClInclude>
    <ClInclude Include="DescriptorSetPostProcess.h">
      <Filter>Header Files\Renderer\Pipeline\Graphics\PostProcess</Filter>
    </ClInclude>
    <ClInclude Include="Texture.h">
      <Filter>Header Files\Renderer</Filter>
    </ClInclude>
    <ClInclude Include="Sampler.h">
      <Filter>Header Files\Renderer</Filter>
    </ClInclude>
    <ClInclude Include="BufferObject.h">
      <Filter>Header Files\Renderer\Buffer</Filter>
    </ClInclude>
    <ClInclude Include="UniformBufferObject.h">
      <Filter>Header Files\Renderer\Buffer\Uniform</Filter>
    </ClInclude>
    <ClInclude Include="UniformBufferProjection.h">
      <Filter>Header Files\Renderer\Buffer\Uniform</Filter>
    </ClInclude>
  </ItemGroup>
</Project>